Microsoft Visual Studio Solution File, Format Version 12.00
# Visual Studio Version 16
VisualStudioVersion = 16.0.29806.167
MinimumVisualStudioVersion = 10.0.40219.1
Project("{F184B08F-C81C-45F6-A57F-5ABD9991F28F}") = "PictureAndLinq", "PictureAndLinq\PictureAndLinq.vbproj", "{665B2EA6-5551-4DC1-B61A-ADBA7F6EA196}"
EndProject
Global
	GlobalSection(SolutionConfigurationPlatforms) = preSolution
		Debug|Any CPU = Debug|Any CPU
		Release|Any CPU = Release|Any CPU
	EndGlobalSection
	GlobalSection(ProjectConfigurationPlatforms) = postSolution
		{665B2EA6-5551-4DC1-B61A-ADBA7F6EA196}.Debug|Any CPU.ActiveCfg = Debug|Any CPU
		{665B2EA6-5551-4DC1-B61A-ADBA7F6EA196}.Debug|Any CPU.Build.0 = Debug|Any CPU
		{665B2EA6-5551-4DC1-B61A-ADBA7F6EA196}.Release|Any CPU.ActiveCfg = Release|Any CPU
		{665B2EA6-5551-4DC1-B61A-ADBA7F6EA196}.Release|Any CPU.Build.0 = Release|Any CPU
	EndGlobalSection
	GlobalSection(SolutionProperties) = preSolution
		HideSolutionNode = FALSE
	EndGlobalSection
	GlobalSection(ExtensibilityGlobals) = postSolution
		SolutionGuid = {77E54F31-5766-4755-8FAE-B67957B568B9}
	EndGlobalSection
EndGlobal
